<?xml version="1.0" encoding="utf-8"?>
<Project ToolsVersion="4.0" xmlns="http://schemas.microsoft.com/developer/msbuild/2003">
  <ItemGroup>
    <Filter Include="Source">
      <UniqueIdentifier>{4FC737F1-C7A5-4376-A066-2A32D752A2FF}</UniqueIdentifier>
      <Extensions>cpp;c;cc;cxx;c++;cppm;ixx;def;odl;idl;hpj;bat;asm;asmx</Extensions>
    </Filter>
    <Filter Include="Shaders">
      <UniqueIdentifier>{a94ff411-7740-4ae1-a78b-40c093c2be6e}</UniqueIdentifier>
    </Filter>
    <Filter Include="Materials">
      <UniqueIdentifier>{b0edf849-45ea-4051-9aee-8f0cafb52083}</UniqueIdentifier>
    </Filter>
    <Filter Include="Scenes">
      <UniqueIdentifier>{d59629b6-4650-4254-9f2b-f2f27d515148}</UniqueIdentifier>
    </Filter>
    <Filter Include="Shaders\Cubemaps">
      <UniqueIdentifier>{86428966-c43a-46c4-b396-2fcb63fe7a7d}</UniqueIdentifier>
    </Filter>
  </ItemGroup>
  <ItemGroup>
    <ClCompile Include="Main.cpp">
      <Filter>Source</Filter>
    </ClCompile>
    <ClCompile Include="World01.cpp">
      <Filter>Source</Filter>
    </ClCompile>
    <ClCompile Include="World02.cpp">
      <Filter>Source</Filter>
    </ClCompile>
    <ClCompile Include="World03.cpp">
      <Filter>Source</Filter>
    </ClCompile>
    <ClCompile Include="World04.cpp">
      <Filter>Source</Filter>
    </ClCompile>
    <ClCompile Include="World05.cpp">
      <Filter>Source</Filter>
    </ClCompile>
    <ClCompile Include="World06.cpp">
      <Filter>Source</Filter>
    </ClCompile>
    <ClCompile Include="World07.cpp">
      <Filter>Source</Filter>
    </ClCompile>
    <ClCompile Include="World08.cpp">
      <Filter>Source</Filter>
    </ClCompile>
  </ItemGroup>
  <ItemGroup>
    <ClInclude Include="World01.h">
      <Filter>Source</Filter>
    </ClInclude>
    <ClInclude Include="World02.h">
      <Filter>Source</Filter>
    </ClInclude>
    <ClInclude Include="World03.h">
      <Filter>Source</Filter>
    </ClInclude>
    <ClInclude Include="World04.h">
      <Filter>Source</Filter>
    </ClInclude>
    <ClInclude Include="World05.h">
      <Filter>Source</Filter>
    </ClInclude>
    <ClInclude Include="World06.h">
      <Filter>Source</Filter>
    </ClInclude>
    <ClInclude Include="World07.h">
      <Filter>Source</Filter>
    </ClInclude>
    <ClInclude Include="World08.h">
      <Filter>Source</Filter>
    </ClInclude>
  </ItemGroup>
  <ItemGroup>
    <None Include="..\..\Build\Assets\Shaders\unlit_color.prog">
      <Filter>Shaders</Filter>
    </None>
    <None Include="..\..\Build\Assets\Shaders\unlit_color.vert">
      <Filter>Shaders</Filter>
    </None>
    <None Include="..\..\Build\Assets\Shaders\unlit_color.frag">
      <Filter>Shaders</Filter>
    </None>
    <None Include="..\..\Build\Assets\Shaders\unlit_texture.prog">
      <Filter>Shaders</Filter>
    </None>
    <None Include="..\..\Build\Assets\Shaders\unlit_texture.vert">
      <Filter>Shaders</Filter>
    </None>
    <None Include="..\..\Build\Assets\Shaders\unlit_texture.frag">
      <Filter>Shaders</Filter>
    </None>
    <None Include="..\..\Build\Assets\Shaders\unlit_multi_texture.frag">
      <Filter>Shaders</Filter>
    </None>
    <None Include="..\..\Build\Assets\Shaders\unlit_multi_texture.prog">
      <Filter>Shaders</Filter>
    </None>
    <None Include="..\..\Build\Assets\Shaders\lit_texture.prog">
      <Filter>Shaders</Filter>
    </None>
    <None Include="..\..\Build\Assets\Shaders\lit_texture.vert">
      <Filter>Shaders</Filter>
    </None>
    <None Include="..\..\Build\Assets\Shaders\lit_texture.frag">
      <Filter>Shaders</Filter>
    </None>
    <None Include="..\..\Build\Assets\Shaders\lit_texture_gouraud.frag">
      <Filter>Shaders</Filter>
    </None>
    <None Include="..\..\Build\Assets\Shaders\lit_texture_gouraud.vert">
      <Filter>Shaders</Filter>
    </None>
    <None Include="..\..\Build\Assets\Shaders\multi_lit_texture.frag">
      <Filter>Shaders</Filter>
    </None>
    <None Include="..\..\Build\Assets\Shaders\multi_lit_texture.prog">
      <Filter>Shaders</Filter>
    </None>
    <None Include="..\..\Build\Assets\Materials\quad.mtrl">
      <Filter>Materials</Filter>
    </None>
    <None Include="..\..\Build\Assets\Materials\squirrel.mtrl">
      <Filter>Materials</Filter>
    </None>
    <None Include="..\..\Build\Assets\Materials\grid.mtrl">
      <Filter>Materials</Filter>
    </None>
    <None Include="..\..\Build\Assets\Materials\multi.mtrl">
      <Filter>Materials</Filter>
    </None>
    <None Include="..\..\Build\Assets\Scenes\scene.json">
      <Filter>Scenes</Filter>
    </None>
    <None Include="..\..\Build\Assets\Shaders\lit_phong.prog">
      <Filter>Shaders</Filter>
    </None>
    <None Include="..\..\Build\Assets\Shaders\lit_phong.vert">
      <Filter>Shaders</Filter>
    </None>
    <None Include="..\..\Build\Assets\Shaders\lit_phong.frag">
      <Filter>Shaders</Filter>
    </None>
    <None Include="..\..\Build\Assets\Materials\phong.mtrl">
      <Filter>Materials</Filter>
    </None>
    <None Include="..\..\Build\Assets\Shaders\lit_phong_normal.prog">
      <Filter>Shaders</Filter>
    </None>
    <None Include="..\..\Build\Assets\Shaders\lit_phong_normal.vert">
      <Filter>Shaders</Filter>
    </None>
    <None Include="..\..\Build\Assets\Shaders\lit_phong_normal.frag">
      <Filter>Shaders</Filter>
    </None>
    <None Include="..\..\Build\Assets\Materials\ogre.mtrl">
      <Filter>Materials</Filter>
    </None>
    <None Include="..\..\Build\Assets\Materials\cliff_skybox.mtrl">
      <Filter>Materials</Filter>
    </None>
    <None Include="..\..\Build\Assets\Shaders\skybox.prog">
      <Filter>Shaders\Cubemaps</Filter>
    </None>
    <None Include="..\..\Build\Assets\Shaders\cubemap.frag">
      <Filter>Shaders\Cubemaps</Filter>
    </None>
    <None Include="..\..\Build\Assets\Shaders\skybox.vert">
      <Filter>Shaders\Cubemaps</Filter>
    </None>
    <None Include="..\..\Build\Assets\Shaders\reflection.vert">
      <Filter>Shaders\Cubemaps</Filter>
    </None>
    <None Include="..\..\Build\Assets\Shaders\reflection.prog">
      <Filter>Shaders\Cubemaps</Filter>
    </None>
    <None Include="..\..\Build\Assets\Materials\reflection.mtrl">
      <Filter>Materials</Filter>
    </None>
    <None Include="..\..\Build\Assets\Shaders\refraction.vert">
      <Filter>Shaders\Cubemaps</Filter>
    </None>
    <None Include="..\..\Build\Assets\Shaders\refraction.prog">
      <Filter>Shaders\Cubemaps</Filter>
    </None>
    <None Include="..\..\Build\Assets\Materials\refraction.mtrl">
      <Filter>Materials</Filter>
    </None>
    <None Include="..\..\Build\Assets\Shaders\unlit_sprite.prog">
      <Filter>Shaders</Filter>
    </None>
    <None Include="..\..\Build\Assets\Shaders\unlit_sprite.vert">
      <Filter>Shaders</Filter>
    </None>
    <None Include="..\..\Build\Assets\Shaders\unlit_sprite.frag">
      <Filter>Shaders</Filter>
    </None>
    <None Include="..\..\Build\Assets\Materials\sprite.mtrl">
      <Filter>Materials</Filter>
    </None>
    <None Include="..\..\Build\Assets\Shaders\unlit_billboard.vert">
      <Filter>Shaders</Filter>
    </None>
    <None Include="..\..\Build\Assets\Shaders\unlit_billboard.prog">
      <Filter>Shaders</Filter>
    </None>
    <None Include="..\..\Build\Assets\Materials\tree.mtrl">
      <Filter>Materials</Filter>
    </None>
    <None Include="..\..\Build\Assets\Scenes\scene_framebuffer.json">
      <Filter>Scenes</Filter>
    </None>
    <None Include="..\..\Build\Assets\Materials\framebuffer.mtrl">
      <Filter>Materials</Filter>
    </None>
    <None Include="..\..\Build\Assets\Shaders\post_process.prog">
      <Filter>Shaders</Filter>
    </None>
    <None Include="..\..\Build\Assets\Shaders\post_process.vert">
      <Filter>Shaders</Filter>
    </None>
    <None Include="..\..\Build\Assets\Shaders\post_process.frag">
      <Filter>Shaders</Filter>
    </None>
    <None Include="..\..\Build\Assets\Materials\post_process.mtrl">
      <Filter>Materials</Filter>
    </None>
    <None Include="..\..\Build\Assets\Scenes\scene_shadow.json">
      <Filter>Scenes</Filter>
    </None>
    <None Include="..\..\Build\Assets\Fantasy\fantasy.mtrl">
      <Filter>Materials</Filter>
    </None>
    <None Include="..\..\Build\Assets\Shaders\shadow_depth.vert">
      <Filter>Shaders</Filter>
    </None>
    <None Include="..\..\Build\Assets\Shaders\shadow_depth.frag">
      <Filter>Shaders</Filter>
    </None>
    <None Include="..\..\Build\Assets\Shaders\shadow_depth.prog">
      <Filter>Shaders</Filter>
    </None>
    <None Include="..\..\Build\Assets\Materials\ui_light.mtrl">
      <Filter>Materials</Filter>
    </None>
    <None Include="..\..\Build\Assets\Scenes\scene_cel.json">
      <Filter>Scenes</Filter>
    </None>
    <None Include="..\..\Build\Assets\Shaders\lit_phong_cel.frag">
      <Filter>Shaders</Filter>
    </None>
    <None Include="..\..\Build\Assets\Shaders\lit_phong_cel.prog">
      <Filter>Shaders</Filter>
    </None>
    <None Include="..\..\Build\Assets\Materials\squirrel_cel.mtrl">
      <Filter>Materials</Filter>
    </None>
    <None Include="..\..\Build\Assets\Materials\cel.mtrl">
      <Filter>Materials</Filter>
    </None>
    <None Include="..\..\Build\Assets\Fantasy\fantasy_cel.mtrl">
      <Filter>Materials</Filter>
    </None>
    <None Include="..\..\Build\Assets\Shaders\lit_phong_cel.vert">
      <Filter>Shaders</Filter>
    </None>
    <None Include="..\..\Build\Assets\Materials\ui_camera.mtrl">
      <Filter>Materials</Filter>
    </None>
    <None Include="..\..\Build\Assets\Scenes\scene_editor.json">
      <Filter>Scenes</Filter>
    </None>
    <None Include="..\..\Build\Assets\Materials\basic.mtrl">
      <Filter>Materials</Filter>
    </None>
    <None Include="..\..\Build\Assets\Materials\skybox.mtrl">
      <Filter>Materials</Filter>
    </None>
    <None Include="..\..\Build\Assets\Scenes\scene_final.json">
      <Filter>Scenes</Filter>
    </None>
  </ItemGroup>
</Project>